
Microsoft Visual Studio Solution File, Format Version 11.00
# Visual Studio 2010
Project("{FAE04EC0-301F-11D3-BF4B-00C04F79EFBC}") = "UserInterface", "UserInterface\UserInterface.csproj", "{B68F42C1-ADF0-439E-9D4E-E95A03A7E7A2}"
EndProject
Project("{FAE04EC0-301F-11D3-BF4B-00C04F79EFBC}") = "Business", "Business\Business.csproj", "{346AA45B-1A07-43BB-A4DB-34E4CE3F6945}"
EndProject
Project("{FAE04EC0-301F-11D3-BF4B-00C04F79EFBC}") = "Branding", "Branding\Branding.csproj", "{D297382B-C883-40BC-8DCC-CE295C8697D0}"
EndProject
Project("{2150E333-8FDC-42A3-9474-1A3956D46DE8}") = "Solution Items", "Solution Items", "{83FA93F7-C094-4733-B42A-EE1C999663F7}"
	ProjectSection(SolutionItems) = preProject
		SharedAssemblyInfo.cs = SharedAssemblyInfo.cs
	EndProjectSection
EndProject
Global
	GlobalSection(SolutionConfigurationPlatforms) = preSolution
		Debug|Any CPU = Debug|Any CPU
		Debug|Mixed Platforms = Debug|Mixed Platforms
		Debug|x86 = Debug|x86
		Release|Any CPU = Release|Any CPU
		Release|Mixed Platforms = Release|Mixed Platforms
		Release|x86 = Release|x86
	EndGlobalSection
	GlobalSection(ProjectConfigurationPlatforms) = postSolution
		{B68F42C1-ADF0-439E-9D4E-E95A03A7E7A2}.Debug|Any CPU.ActiveCfg = Debug|x86
		{B68F42C1-ADF0-439E-9D4E-E95A03A7E7A2}.Debug|Mixed Platforms.ActiveCfg = Debug|x86
		{B68F42C1-ADF0-439E-9D4E-E95A03A7E7A2}.Debug|Mixed Platforms.Build.0 = Debug|x86
		{B68F42C1-ADF0-439E-9D4E-E95A03A7E7A2}.Debug|x86.ActiveCfg = Debug|x86
		{B68F42C1-ADF0-439E-9D4E-E95A03A7E7A2}.Debug|x86.Build.0 = Debug|x86
		{B68F42C1-ADF0-439E-9D4E-E95A03A7E7A2}.Release|Any CPU.ActiveCfg = Release|x86
		{B68F42C1-ADF0-439E-9D4E-E95A03A7E7A2}.Release|Mixed Platforms.ActiveCfg = Release|x86
		{B68F42C1-ADF0-439E-9D4E-E95A03A7E7A2}.Release|Mixed Platforms.Build.0 = Release|x86
		{B68F42C1-ADF0-439E-9D4E-E95A03A7E7A2}.Release|x86.ActiveCfg = Release|x86
		{B68F42C1-ADF0-439E-9D4E-E95A03A7E7A2}.Release|x86.Build.0 = Release|x86
		{346AA45B-1A07-43BB-A4DB-34E4CE3F6945}.Debug|Any CPU.ActiveCfg = Debug|Any CPU
		{346AA45B-1A07-43BB-A4DB-34E4CE3F6945}.Debug|Any CPU.Build.0 = Debug|Any CPU
		{346AA45B-1A07-43BB-A4DB-34E4CE3F6945}.Debug|Mixed Platforms.ActiveCfg = Debug|Any CPU
		{346AA45B-1A07-43BB-A4DB-34E4CE3F6945}.Debug|Mixed Platforms.Build.0 = Debug|Any CPU
		{346AA45B-1A07-43BB-A4DB-34E4CE3F6945}.Debug|x86.ActiveCfg = Debug|Any CPU
		{346AA45B-1A07-43BB-A4DB-34E4CE3F6945}.Release|Any CPU.ActiveCfg = Release|Any CPU
		{346AA45B-1A07-43BB-A4DB-34E4CE3F6945}.Release|Any CPU.Build.0 = Release|Any CPU
		{346AA45B-1A07-43BB-A4DB-34E4CE3F6945}.Release|Mixed Platforms.ActiveCfg = Release|Any CPU
		{346AA45B-1A07-43BB-A4DB-34E4CE3F6945}.Release|Mixed Platforms.Build.0 = Release|Any CPU
		{346AA45B-1A07-43BB-A4DB-34E4CE3F6945}.Release|x86.ActiveCfg = Release|Any CPU
		{D297382B-C883-40BC-8DCC-CE295C8697D0}.Debug|Any CPU.ActiveCfg = Debug|Any CPU
		{D297382B-C883-40BC-8DCC-CE295C8697D0}.Debug|Any CPU.Build.0 = Debug|Any CPU
		{D297382B-C883-40BC-8DCC-CE295C8697D0}.Debug|Mixed Platforms.ActiveCfg = Debug|Any CPU
		{D297382B-C883-40BC-8DCC-CE295C8697D0}.Debug|Mixed Platforms.Build.0 = Debug|Any CPU
		{D297382B-C883-40BC-8DCC-CE295C8697D0}.Debug|x86.ActiveCfg = Debug|Any CPU
		{D297382B-C883-40BC-8DCC-CE295C8697D0}.Release|Any CPU.ActiveCfg = Release|Any CPU
		{D297382B-C883-40BC-8DCC-CE295C8697D0}.Release|Any CPU.Build.0 = Release|Any CPU
		{D297382B-C883-40BC-8DCC-CE295C8697D0}.Release|Mixed Platforms.ActiveCfg = Release|Any CPU
		{D297382B-C883-40BC-8DCC-CE295C8697D0}.Release|Mixed Platforms.Build.0 = Release|Any CPU
		{D297382B-C883-40BC-8DCC-CE295C8697D0}.Release|x86.ActiveCfg = Release|Any CPU
	EndGlobalSection
	GlobalSection(SolutionProperties) = preSolution
		HideSolutionNode = FALSE
	EndGlobalSection
	GlobalSection(ExtensibilityGlobals) = postSolution
		VisualSVNWorkingCopyRoot = .
	EndGlobalSection
EndGlobal
